{
    "_meta": {
        "hash": {
            "sha256": "5ff460b7ea1fc5dc348e3a4850665b1a9875bb744254c03d3d575d7aed1a7b8c"
        },
        "pipfile-spec": 6,
        "requires": {
            "python_version": "3.7"
        },
        "sources": [
            {
                "name": "pypi",
                "url": "https://mirrors.cloud.tencent.com/pypi/simple/",
                "verify_ssl": true
            }
        ]
    },
    "default": {},
    "develop": {}
}
